{
  "version": 4,
  "terraform_version": "0.14.9",
  "serial": 1,
  "lineage": "fbaf1738-4d7c-b34b-ef6f-bb3057bd64f8",
  "outputs": {},
  "resources": [
    {
      "mode": "managed",
      "type": "aws_vpc",
      "name": "iti",
      "provider": "provider[\"registry.terraform.io/hashicorp/aws\"]",
      "instances": [
        {
          "schema_version": 1,
          "attributes": {
            "arn": "arn:aws:ec2:us-east-1:779860661651:vpc/vpc-021e6bd4a70720c0b",
            "assign_generated_ipv6_cidr_block": false,
            "cidr_block": "10.0.0.0/16",
            "default_network_acl_id": "acl-0ad3cadbb9c7df630",
            "default_route_table_id": "rtb-01d4ae770fc80b40b",
            "default_security_group_id": "sg-0dd07afc1c9dcf678",
            "dhcp_options_id": "dopt-6b85a311",
            "enable_classiclink": false,
            "enable_classiclink_dns_support": false,
            "enable_dns_hostnames": false,
            "enable_dns_support": true,
            "id": "vpc-021e6bd4a70720c0b",
            "instance_tenancy": "default",
            "ipv6_association_id": "",
            "ipv6_cidr_block": "",
            "main_route_table_id": "rtb-01d4ae770fc80b40b",
            "owner_id": "779860661651",
            "tags": {
              "Name": "iti"
            },
            "tags_all": {
              "Name": "iti"
            }
          },
          "sensitive_attributes": [],
          "private": "eyJzY2hlbWFfdmVyc2lvbiI6IjEifQ=="
        }
      ]
    }
  ]
}
