{
  "version": 4,
  "terraform_version": "0.14.9",
  "serial": 63,
  "lineage": "61d25ff5-0748-fb9c-4926-ea46e3322642",
  "outputs": {},
  "resources": [
    {
      "mode": "managed",
      "type": "aws_instance",
      "name": "application",
      "provider": "provider[\"registry.terraform.io/hashicorp/aws\"]",
      "instances": [
        {
          "schema_version": 1,
          "attributes": {
            "ami": "ami-042e8287309f5df03",
            "arn": "arn:aws:ec2:us-east-1:779860661651:instance/i-0929cd5893d01fb6a",
            "associate_public_ip_address": true,
            "availability_zone": "us-east-1a",
            "cpu_core_count": 1,
            "cpu_threads_per_core": 1,
            "credit_specification": [
              {
                "cpu_credits": "standard"
              }
            ],
            "disable_api_termination": false,
            "ebs_block_device": [],
            "ebs_optimized": false,
            "enclave_options": [
              {
                "enabled": false
              }
            ],
            "ephemeral_block_device": [],
            "get_password_data": false,
            "hibernation": false,
            "host_id": null,
            "iam_instance_profile": "",
            "id": "i-0929cd5893d01fb6a",
            "instance_initiated_shutdown_behavior": null,
            "instance_state": "running",
            "instance_type": "t2.micro",
            "ipv6_address_count": 0,
            "ipv6_addresses": [],
            "key_name": "ssh-key",
            "metadata_options": [
              {
                "http_endpoint": "enabled",
                "http_put_response_hop_limit": 1,
                "http_tokens": "optional"
              }
            ],
            "monitoring": false,
            "network_interface": [],
            "outpost_arn": "",
            "password_data": "",
            "placement_group": "",
            "primary_network_interface_id": "eni-05f13cb98761817f1",
            "private_dns": "ip-10-0-1-108.ec2.internal",
            "private_ip": "10.0.1.108",
            "public_dns": "",
            "public_ip": "44.192.119.71",
            "root_block_device": [
              {
                "delete_on_termination": true,
                "device_name": "/dev/sda1",
                "encrypted": false,
                "iops": 100,
                "kms_key_id": "",
                "tags": {},
                "throughput": 0,
                "volume_id": "vol-09c047fa6dd4d7ca6",
                "volume_size": 8,
                "volume_type": "gp2"
              }
            ],
            "secondary_private_ips": [],
            "security_groups": [],
            "source_dest_check": true,
            "subnet_id": "subnet-0330f49a136f41566",
            "tags": {
              "Name": "nginx_sever"
            },
            "tenancy": "default",
            "timeouts": null,
            "user_data": null,
            "user_data_base64": null,
            "volume_tags": null,
            "vpc_security_group_ids": [
              "sg-07c537f7f8e7ba6cb"
            ]
          },
          "sensitive_attributes": [],
          "private": "eyJlMmJmYjczMC1lY2FhLTExZTYtOGY4OC0zNDM2M2JjN2M0YzAiOnsiY3JlYXRlIjo2MDAwMDAwMDAwMDAsImRlbGV0ZSI6MTIwMDAwMDAwMDAwMCwidXBkYXRlIjo2MDAwMDAwMDAwMDB9LCJzY2hlbWFfdmVyc2lvbiI6IjEifQ==",
          "dependencies": [
            "aws_key_pair.key_pair",
            "aws_security_group.private_security_group",
            "module.iti.aws_subnet.public1",
            "module.iti.aws_vpc.iti",
            "tls_private_key.key_pair_gen"
          ]
        }
      ]
    },
    {
      "mode": "managed",
      "type": "aws_instance",
      "name": "bastion_server",
      "provider": "provider[\"registry.terraform.io/hashicorp/aws\"]",
      "instances": [
        {
          "schema_version": 1,
          "attributes": {
            "ami": "ami-042e8287309f5df03",
            "arn": "arn:aws:ec2:us-east-1:779860661651:instance/i-09e841b4bc0937353",
            "associate_public_ip_address": true,
            "availability_zone": "us-east-1a",
            "cpu_core_count": 1,
            "cpu_threads_per_core": 1,
            "credit_specification": [
              {
                "cpu_credits": "standard"
              }
            ],
            "disable_api_termination": false,
            "ebs_block_device": [],
            "ebs_optimized": false,
            "enclave_options": [
              {
                "enabled": false
              }
            ],
            "ephemeral_block_device": [],
            "get_password_data": false,
            "hibernation": false,
            "host_id": null,
            "iam_instance_profile": "",
            "id": "i-09e841b4bc0937353",
            "instance_initiated_shutdown_behavior": null,
            "instance_state": "running",
            "instance_type": "t2.micro",
            "ipv6_address_count": 0,
            "ipv6_addresses": [],
            "key_name": "ssh-key",
            "metadata_options": [
              {
                "http_endpoint": "enabled",
                "http_put_response_hop_limit": 1,
                "http_tokens": "optional"
              }
            ],
            "monitoring": false,
            "network_interface": [],
            "outpost_arn": "",
            "password_data": "",
            "placement_group": "",
            "primary_network_interface_id": "eni-09e01394f1a6d0adc",
            "private_dns": "ip-10-0-1-162.ec2.internal",
            "private_ip": "10.0.1.162",
            "public_dns": "",
            "public_ip": "3.210.185.37",
            "root_block_device": [
              {
                "delete_on_termination": true,
                "device_name": "/dev/sda1",
                "encrypted": false,
                "iops": 100,
                "kms_key_id": "",
                "tags": {},
                "throughput": 0,
                "volume_id": "vol-0cd601d95b13568fb",
                "volume_size": 8,
                "volume_type": "gp2"
              }
            ],
            "secondary_private_ips": [],
            "security_groups": [],
            "source_dest_check": true,
            "subnet_id": "subnet-0330f49a136f41566",
            "tags": {
              "Name": "bastion_server"
            },
            "tenancy": "default",
            "timeouts": null,
            "user_data": null,
            "user_data_base64": null,
            "volume_tags": null,
            "vpc_security_group_ids": [
              "sg-00fa8e43df3a6763c"
            ]
          },
          "sensitive_attributes": [],
          "private": "eyJlMmJmYjczMC1lY2FhLTExZTYtOGY4OC0zNDM2M2JjN2M0YzAiOnsiY3JlYXRlIjo2MDAwMDAwMDAwMDAsImRlbGV0ZSI6MTIwMDAwMDAwMDAwMCwidXBkYXRlIjo2MDAwMDAwMDAwMDB9LCJzY2hlbWFfdmVyc2lvbiI6IjEifQ==",
          "dependencies": [
            "aws_key_pair.key_pair",
            "aws_security_group.public_security_group",
            "module.iti.aws_subnet.public1",
            "module.iti.aws_vpc.iti",
            "tls_private_key.key_pair_gen"
          ]
        }
      ]
    },
    {
      "mode": "managed",
      "type": "aws_key_pair",
      "name": "key_pair",
      "provider": "provider[\"registry.terraform.io/hashicorp/aws\"]",
      "instances": [
        {
          "schema_version": 1,
          "attributes": {
            "arn": "arn:aws:ec2:us-east-1:779860661651:key-pair/ssh-key",
            "fingerprint": "79:fa:0b:84:4a:bf:15:71:62:b7:ee:ff:45:38:54:7f",
            "id": "ssh-key",
            "key_name": "ssh-key",
            "key_name_prefix": null,
            "key_pair_id": "key-06b82387d166f8d44",
            "public_key": "ssh-rsa AAAAB3NzaC1yc2EAAAADAQABAAACAQCiylkbvgffgRFw3aKPhPISd7tiyMXImKhM7NgiPgEgXf8oYx5qxQ/fdh+CmO8hJvN5N6ZkxVF27mMkzd6UWr6ErpPrG+w4S2cFZPy3I2BeCweqSpdULnK7HaLNGSWRMd2KPLiCOgPMe1gcDiuYMuJtpQimcYTowYKehWGownK3Gqvk56WFt+PCOWoQhXyvSIOLZQzR9qAJJb2x+z3ikY+n/Xo+RngUOghFwCVtQejEZs9Nkl8CxeJNIKitw1nzIZEb8vO0uLpEa1B+LtIUsdP4nW7pr+hRSrzxBP+1gJC4NPx/V/cmb4IQ0bNhXNJkadhXIxOvyV3Wp7qM48RnS/SB1xu3g9z0EM/fyh68aIPxNQXuHMA9UGbJdOAbizY+xiMtLzrZBNSWRW8ZJmYfpdQgYLYvdiSY+xYGWtAMAkSrXU5HazsiHJiARX4UeM5z5f6f4oU7x0vyNPnXt91zk8R5cqyHBOvRF1rJBwWObo792jSj+KnNdin5/BLrTFCQ/G4uBW77q0eBE+eWpIxwtQAZIqqotf5YVdwqn0Vrfm+cX9Xp11AI+oMa5R5A4GzB/Iaq2tnDqzDVbc6e46fT2J890tbobrg4Y5otjvS8XpjOfhqeL0l9x/YVLrQcqrHiYZAgYY7Pe9denPO4C/tECuKl/6Fco453pwui1ZOoF/HgQQ==",
            "tags": null
          },
          "sensitive_attributes": [],
          "private": "eyJzY2hlbWFfdmVyc2lvbiI6IjEifQ==",
          "dependencies": [
            "tls_private_key.key_pair_gen"
          ]
        }
      ]
    },
    {
      "mode": "managed",
      "type": "aws_security_group",
      "name": "private_security_group",
      "provider": "provider[\"registry.terraform.io/hashicorp/aws\"]",
      "instances": [
        {
          "schema_version": 1,
          "attributes": {
            "arn": "arn:aws:ec2:us-east-1:779860661651:security-group/sg-07c537f7f8e7ba6cb",
            "description": "Allow ssh traffic",
            "egress": [
              {
                "cidr_blocks": [
                  "0.0.0.0/0"
                ],
                "description": "",
                "from_port": 0,
                "ipv6_cidr_blocks": [],
                "prefix_list_ids": [],
                "protocol": "-1",
                "security_groups": [],
                "self": false,
                "to_port": 0
              }
            ],
            "id": "sg-07c537f7f8e7ba6cb",
            "ingress": [
              {
                "cidr_blocks": [
                  "10.0.0.0/16"
                ],
                "description": "ssh from my machine",
                "from_port": 22,
                "ipv6_cidr_blocks": [],
                "prefix_list_ids": [],
                "protocol": "tcp",
                "security_groups": [],
                "self": false,
                "to_port": 22
              },
              {
                "cidr_blocks": [
                  "10.0.0.0/16"
                ],
                "description": "to Web",
                "from_port": 3000,
                "ipv6_cidr_blocks": [],
                "prefix_list_ids": [],
                "protocol": "tcp",
                "security_groups": [],
                "self": false,
                "to_port": 3000
              }
            ],
            "name": "private",
            "name_prefix": "",
            "owner_id": "779860661651",
            "revoke_rules_on_delete": false,
            "tags": {
              "Name": "private"
            },
            "timeouts": null,
            "vpc_id": "vpc-08a8d0b4d06fd8687"
          },
          "sensitive_attributes": [],
          "private": "eyJlMmJmYjczMC1lY2FhLTExZTYtOGY4OC0zNDM2M2JjN2M0YzAiOnsiY3JlYXRlIjo2MDAwMDAwMDAwMDAsImRlbGV0ZSI6OTAwMDAwMDAwMDAwfSwic2NoZW1hX3ZlcnNpb24iOiIxIn0=",
          "dependencies": [
            "module.iti.aws_vpc.iti"
          ]
        }
      ]
    },
    {
      "mode": "managed",
      "type": "aws_security_group",
      "name": "public_security_group",
      "provider": "provider[\"registry.terraform.io/hashicorp/aws\"]",
      "instances": [
        {
          "schema_version": 1,
          "attributes": {
            "arn": "arn:aws:ec2:us-east-1:779860661651:security-group/sg-00fa8e43df3a6763c",
            "description": "Allow ssh traffic",
            "egress": [
              {
                "cidr_blocks": [
                  "0.0.0.0/0"
                ],
                "description": "",
                "from_port": 0,
                "ipv6_cidr_blocks": [],
                "prefix_list_ids": [],
                "protocol": "-1",
                "security_groups": [],
                "self": false,
                "to_port": 0
              }
            ],
            "id": "sg-00fa8e43df3a6763c",
            "ingress": [
              {
                "cidr_blocks": [
                  "10.0.0.0/16"
                ],
                "description": "ssh from my machine",
                "from_port": 22,
                "ipv6_cidr_blocks": [],
                "prefix_list_ids": [],
                "protocol": "tcp",
                "security_groups": [],
                "self": false,
                "to_port": 22
              }
            ],
            "name": "public",
            "name_prefix": "",
            "owner_id": "779860661651",
            "revoke_rules_on_delete": false,
            "tags": {
              "Name": "public"
            },
            "timeouts": null,
            "vpc_id": "vpc-08a8d0b4d06fd8687"
          },
          "sensitive_attributes": [],
          "private": "eyJlMmJmYjczMC1lY2FhLTExZTYtOGY4OC0zNDM2M2JjN2M0YzAiOnsiY3JlYXRlIjo2MDAwMDAwMDAwMDAsImRlbGV0ZSI6OTAwMDAwMDAwMDAwfSwic2NoZW1hX3ZlcnNpb24iOiIxIn0=",
          "dependencies": [
            "module.iti.aws_vpc.iti"
          ]
        }
      ]
    },
    {
      "mode": "managed",
      "type": "local_file",
      "name": "key_pair",
      "provider": "provider[\"registry.terraform.io/hashicorp/local\"]",
      "instances": [
        {
          "schema_version": 0,
          "attributes": {
            "content": "-----BEGIN RSA PRIVATE KEY-----\nMIIJKAIBAAKCAgEAospZG74H34ERcN2ij4TyEne7YsjFyJioTOzYIj4BIF3/KGMe\nasUP33YfgpjvISbzeTemZMVRdu5jJM3elFq+hK6T6xvsOEtnBWT8tyNgXgsHqkqX\nVC5yux2izRklkTHdijy4gjoDzHtYHA4rmDLibaUIpnGE6MGCnoVhqMJytxqr5Oel\nhbfjwjlqEIV8r0iDi2UM0fagCSW9sfs94pGPp/16PkZ4FDoIRcAlbUHoxGbPTZJf\nAsXiTSCorcNZ8yGRG/LztLi6RGtQfi7SFLHT+J1u6a/oUUq88QT/tYCQuDT8f1f3\nJm+CENGzYVzSZGnYVyMTr8ld1qe6jOPEZ0v0gdcbt4Pc9BDP38oevGiD8TUF7hzA\nPVBmyXTgG4s2PsYjLS862QTUlkVvGSZmH6XUIGC2L3YkmPsWBlrQDAJEq11OR2s7\nIhyYgEV+FHjOc+X+n+KFO8dL8jT517fdc5PEeXKshwTr0RdayQcFjm6O/do0o/ip\nzXYp+fwS60xQkPxuLgVu+6tHgRPnlqSMcLUAGSKqqLX+WFXcKp9Fa35vnF/V6ddQ\nCPqDGuUeQOBswfyGqtrZw6sw1W3OnuOn09ifPdLW6G64OGOaLY70vF6Yzn4ani9J\nfcf2FS60HKqx4mGQIGGOz3vXXpzzuAv7RAripf+hXKOOd6cLotWTqBfx4EECAwEA\nAQKCAgB6dqruWdjmZNxQAgvG2AabqgMH324a5+zEYfB+YhLK3KuVIGvDepfkTaKK\nxq4uTHUhHaJJcL9GLzPafh0Rkep9OjAA0LK17tODlWMgCrb2SGnty8toAsFAzpyo\nmmBOiCrXUbKkFSzCaY/xGx/kkXMRdPO68u8/gkPXKRQ8tntCEAh8XV+B5sKqXDLU\nVvdjjbOX697nHRdrij7YY988ULC3edK6gpzW6olKn7AIL2sCRS1yd8iN93u09fqv\nLaS/aOMXGYAI1mcaDXkyU9qqwtRp1VWY60Jj1UuqLU6Ipj04tnO1AOHmwkAgkwDV\nH9UOwSmE89hdh6jWULvgPYCFDPjUePsdjXScYARKwyWPaWi5BBea5uC/twak1xDe\nTbjR8QZJawaU41qnGICEaCN9q3rS9Id7megqaZ4JQQO7MgS/FsJU1FzM93vHbvXE\nIa8lJ/RKZkRnn6HTmGtDWEsKwmh+UWhDNMukdFhT9myhig9We8na1kdp5MVFJCSS\nP7Y0ubrLieTxb3Zd7YBBKxK/lyIfLizqWdAPXflFfrRFTVB54N4QVq1QQvek7aC3\nWGE7K2JD2C5MHVF5C3OjXI2kjL0q7tc4NHWdJU77pWq9UaBdVf+3M/OciVn6iYJW\neDgwWMVTmIDgjYHiJ1qYPf6AJP+UcF0ZkVVD3XboTwrGTJISOQKCAQEA133+1Cn3\nwiYab3PdiNbTWnjoXHPWstUfduXG/uIBOOyEXK0VQQ/hTv7K2f+kf1A9qkBp/4/+\nbF9PHJ6gHEOA362siBaBPMo2eILfHchD+MzxWjJJfByPwJK/Lj8NbL+Vn7nXWMP6\nsFAKQ0bSOUSSgoHCkgBNDncAf4Xbl/tZIRmmfRjQEN5Gh1qvyjmj3MlBG2xW5G1I\nIxjR8EuyQ6dZ1xfmO9eFRxa0D5DnVEuSOmtpIQm9DW04+1av3lCYw/9yb0Usa0eX\nd6y0/CsQjk8eEkomR/Qwg8wySyd+MqvR8MZox+vDw19Os7vqsD9Eg3gxbMs07OEt\nY5aUqChYmhv8ywKCAQEAwWQ3kSVN42ypY+3fHjFt6uoTuhG7qMMbivyOUROzFu1u\nxidzz6azzc3modkxyTQgccLbu1SJhFDoSSTivtKFdI3Myzp4tCS9CfdMSdc+JfNp\nYEZ+1VbZ/AaphkXUnB+7OCLb4t6gmRfut/HUVtmyrnak9bQVPdd1Ghey3yXUS91A\nXFqOZ1liaEED6dlyxBRKmqsEMpIQgnmNtZTgAl9K8wsLJ0EbEh/gF8oTeWm1CSnU\ns7ns0m2vGABeA7SAvbFrY+PyZA1kT2JEDfOaEv3/ms0GUy1L3qMu8NEWVvcDcal4\nTfrbC1Fr4mF6q4ym/+oEVUQ0fsfZQBv5aGEi/CVhowKCAQEAjvGMJY7FQ6tk48OX\nE5t1TdFgSVup8qy/F26qhw7CQtFZp+REcgknqvAG/X6/zpgan6Hk7lrFKXw7jT+H\n89evWDDrfsZ26i003tHpUOc0d4jzHKK47jRAAz0UxoeazyVzCiYLvF0cIPKnLCOB\nde2PxjRvLcw3UT4NPYo8tV9Mq1FJiDf6ZQYdANJeQ6XilaWGo7tFFHeNX4KqWFzO\nHmSXir/WwKFhTlu4C49SdC9BC7GOZhUArDRklQzW0oDiJTmA3mCja3Js/jy5PYEP\nlWbUCsvXAunveK3uOr4yz0f8llv2y48QJ7xEB6PCtTDysMb8+i79p5hjNGmBqN5C\nj8+66wKCAQBfvPk1Rb51ZAnHiq72B4pezVrOtpCsT0qHV9gskxAJvaklN8rBdcl1\njQUsApX/AWs+ZjTZXFRnyJX1/+iwhw/CT6Cey2eN5tIe6Oo/c+s0Zng4TS3k94Ya\nmkG6Uz+Zuqu4cqlges4OfCaVsYZpKISokdvAN1J8tvkl3a2TgurCU9nU3o+44isx\naV5Cmn+SSmlUgG0ni9/Yd8yLpBPxmLNF9qWi3TxFkLojjMpvRMF2s9q0zspKsjoI\nK8ZfFzDUt8xuOx54IZkTI5aFQZ943312aSFEdBwnL6nBVgE1NDvkPP1tvU5LIBfE\njnVoD81sy7ExdP539P+8GR0za0MiiG75AoIBAH/rf6jACdYQ2/XhZLXkuFDGnhO/\nWBflNPSvG8eUgbQCE9BPeojH7neObXHgUxJHspgRB8LIKEIKjkl+o9z9Y4D2nsB8\nsQi4+cz4bwLvn3LvL3d+F1Wc+LNJpVWbXjO0+RObEr9hDWT8aiMZGAfcE3dRDdns\nPudjQkaTcm8SqWeOhfG9Z3V79Wj1LEGzIx8sagd2bKaka2fnRE5tHy2XiqXppZQr\nSBCPY0vGdj2emRxMPlrIRyAU/UhbTrT2rYjUaUq7gM3RjpMFjw2G7NMh/pspLEFw\nwdRVqo2OlpYRTUcWohyKh1GWNbZAzEjgrHgFRw8wW768KKh2aDQCZuEjG8w=\n-----END RSA PRIVATE KEY-----\n",
            "content_base64": null,
            "directory_permission": "0777",
            "file_permission": "0777",
            "filename": "private_key.pem",
            "id": "3144293009e8ee2dfef37d27e173198557452c4b",
            "sensitive_content": null,
            "source": null
          },
          "sensitive_attributes": [],
          "private": "bnVsbA==",
          "dependencies": [
            "tls_private_key.key_pair_gen"
          ]
        }
      ]
    },
    {
      "mode": "managed",
      "type": "tls_private_key",
      "name": "key_pair_gen",
      "provider": "provider[\"registry.terraform.io/hashicorp/tls\"]",
      "instances": [
        {
          "schema_version": 0,
          "attributes": {
            "algorithm": "RSA",
            "ecdsa_curve": "P224",
            "id": "fa035e0e7944e0cf4a4c3a259fdca4ff1684de5a",
            "private_key_pem": "-----BEGIN RSA PRIVATE KEY-----\nMIIJKAIBAAKCAgEAospZG74H34ERcN2ij4TyEne7YsjFyJioTOzYIj4BIF3/KGMe\nasUP33YfgpjvISbzeTemZMVRdu5jJM3elFq+hK6T6xvsOEtnBWT8tyNgXgsHqkqX\nVC5yux2izRklkTHdijy4gjoDzHtYHA4rmDLibaUIpnGE6MGCnoVhqMJytxqr5Oel\nhbfjwjlqEIV8r0iDi2UM0fagCSW9sfs94pGPp/16PkZ4FDoIRcAlbUHoxGbPTZJf\nAsXiTSCorcNZ8yGRG/LztLi6RGtQfi7SFLHT+J1u6a/oUUq88QT/tYCQuDT8f1f3\nJm+CENGzYVzSZGnYVyMTr8ld1qe6jOPEZ0v0gdcbt4Pc9BDP38oevGiD8TUF7hzA\nPVBmyXTgG4s2PsYjLS862QTUlkVvGSZmH6XUIGC2L3YkmPsWBlrQDAJEq11OR2s7\nIhyYgEV+FHjOc+X+n+KFO8dL8jT517fdc5PEeXKshwTr0RdayQcFjm6O/do0o/ip\nzXYp+fwS60xQkPxuLgVu+6tHgRPnlqSMcLUAGSKqqLX+WFXcKp9Fa35vnF/V6ddQ\nCPqDGuUeQOBswfyGqtrZw6sw1W3OnuOn09ifPdLW6G64OGOaLY70vF6Yzn4ani9J\nfcf2FS60HKqx4mGQIGGOz3vXXpzzuAv7RAripf+hXKOOd6cLotWTqBfx4EECAwEA\nAQKCAgB6dqruWdjmZNxQAgvG2AabqgMH324a5+zEYfB+YhLK3KuVIGvDepfkTaKK\nxq4uTHUhHaJJcL9GLzPafh0Rkep9OjAA0LK17tODlWMgCrb2SGnty8toAsFAzpyo\nmmBOiCrXUbKkFSzCaY/xGx/kkXMRdPO68u8/gkPXKRQ8tntCEAh8XV+B5sKqXDLU\nVvdjjbOX697nHRdrij7YY988ULC3edK6gpzW6olKn7AIL2sCRS1yd8iN93u09fqv\nLaS/aOMXGYAI1mcaDXkyU9qqwtRp1VWY60Jj1UuqLU6Ipj04tnO1AOHmwkAgkwDV\nH9UOwSmE89hdh6jWULvgPYCFDPjUePsdjXScYARKwyWPaWi5BBea5uC/twak1xDe\nTbjR8QZJawaU41qnGICEaCN9q3rS9Id7megqaZ4JQQO7MgS/FsJU1FzM93vHbvXE\nIa8lJ/RKZkRnn6HTmGtDWEsKwmh+UWhDNMukdFhT9myhig9We8na1kdp5MVFJCSS\nP7Y0ubrLieTxb3Zd7YBBKxK/lyIfLizqWdAPXflFfrRFTVB54N4QVq1QQvek7aC3\nWGE7K2JD2C5MHVF5C3OjXI2kjL0q7tc4NHWdJU77pWq9UaBdVf+3M/OciVn6iYJW\neDgwWMVTmIDgjYHiJ1qYPf6AJP+UcF0ZkVVD3XboTwrGTJISOQKCAQEA133+1Cn3\nwiYab3PdiNbTWnjoXHPWstUfduXG/uIBOOyEXK0VQQ/hTv7K2f+kf1A9qkBp/4/+\nbF9PHJ6gHEOA362siBaBPMo2eILfHchD+MzxWjJJfByPwJK/Lj8NbL+Vn7nXWMP6\nsFAKQ0bSOUSSgoHCkgBNDncAf4Xbl/tZIRmmfRjQEN5Gh1qvyjmj3MlBG2xW5G1I\nIxjR8EuyQ6dZ1xfmO9eFRxa0D5DnVEuSOmtpIQm9DW04+1av3lCYw/9yb0Usa0eX\nd6y0/CsQjk8eEkomR/Qwg8wySyd+MqvR8MZox+vDw19Os7vqsD9Eg3gxbMs07OEt\nY5aUqChYmhv8ywKCAQEAwWQ3kSVN42ypY+3fHjFt6uoTuhG7qMMbivyOUROzFu1u\nxidzz6azzc3modkxyTQgccLbu1SJhFDoSSTivtKFdI3Myzp4tCS9CfdMSdc+JfNp\nYEZ+1VbZ/AaphkXUnB+7OCLb4t6gmRfut/HUVtmyrnak9bQVPdd1Ghey3yXUS91A\nXFqOZ1liaEED6dlyxBRKmqsEMpIQgnmNtZTgAl9K8wsLJ0EbEh/gF8oTeWm1CSnU\ns7ns0m2vGABeA7SAvbFrY+PyZA1kT2JEDfOaEv3/ms0GUy1L3qMu8NEWVvcDcal4\nTfrbC1Fr4mF6q4ym/+oEVUQ0fsfZQBv5aGEi/CVhowKCAQEAjvGMJY7FQ6tk48OX\nE5t1TdFgSVup8qy/F26qhw7CQtFZp+REcgknqvAG/X6/zpgan6Hk7lrFKXw7jT+H\n89evWDDrfsZ26i003tHpUOc0d4jzHKK47jRAAz0UxoeazyVzCiYLvF0cIPKnLCOB\nde2PxjRvLcw3UT4NPYo8tV9Mq1FJiDf6ZQYdANJeQ6XilaWGo7tFFHeNX4KqWFzO\nHmSXir/WwKFhTlu4C49SdC9BC7GOZhUArDRklQzW0oDiJTmA3mCja3Js/jy5PYEP\nlWbUCsvXAunveK3uOr4yz0f8llv2y48QJ7xEB6PCtTDysMb8+i79p5hjNGmBqN5C\nj8+66wKCAQBfvPk1Rb51ZAnHiq72B4pezVrOtpCsT0qHV9gskxAJvaklN8rBdcl1\njQUsApX/AWs+ZjTZXFRnyJX1/+iwhw/CT6Cey2eN5tIe6Oo/c+s0Zng4TS3k94Ya\nmkG6Uz+Zuqu4cqlges4OfCaVsYZpKISokdvAN1J8tvkl3a2TgurCU9nU3o+44isx\naV5Cmn+SSmlUgG0ni9/Yd8yLpBPxmLNF9qWi3TxFkLojjMpvRMF2s9q0zspKsjoI\nK8ZfFzDUt8xuOx54IZkTI5aFQZ943312aSFEdBwnL6nBVgE1NDvkPP1tvU5LIBfE\njnVoD81sy7ExdP539P+8GR0za0MiiG75AoIBAH/rf6jACdYQ2/XhZLXkuFDGnhO/\nWBflNPSvG8eUgbQCE9BPeojH7neObXHgUxJHspgRB8LIKEIKjkl+o9z9Y4D2nsB8\nsQi4+cz4bwLvn3LvL3d+F1Wc+LNJpVWbXjO0+RObEr9hDWT8aiMZGAfcE3dRDdns\nPudjQkaTcm8SqWeOhfG9Z3V79Wj1LEGzIx8sagd2bKaka2fnRE5tHy2XiqXppZQr\nSBCPY0vGdj2emRxMPlrIRyAU/UhbTrT2rYjUaUq7gM3RjpMFjw2G7NMh/pspLEFw\nwdRVqo2OlpYRTUcWohyKh1GWNbZAzEjgrHgFRw8wW768KKh2aDQCZuEjG8w=\n-----END RSA PRIVATE KEY-----\n",
            "public_key_fingerprint_md5": "b9:54:c1:60:bc:ba:93:9c:b3:4d:4f:51:d5:ad:9d:d9",
            "public_key_openssh": "ssh-rsa AAAAB3NzaC1yc2EAAAADAQABAAACAQCiylkbvgffgRFw3aKPhPISd7tiyMXImKhM7NgiPgEgXf8oYx5qxQ/fdh+CmO8hJvN5N6ZkxVF27mMkzd6UWr6ErpPrG+w4S2cFZPy3I2BeCweqSpdULnK7HaLNGSWRMd2KPLiCOgPMe1gcDiuYMuJtpQimcYTowYKehWGownK3Gqvk56WFt+PCOWoQhXyvSIOLZQzR9qAJJb2x+z3ikY+n/Xo+RngUOghFwCVtQejEZs9Nkl8CxeJNIKitw1nzIZEb8vO0uLpEa1B+LtIUsdP4nW7pr+hRSrzxBP+1gJC4NPx/V/cmb4IQ0bNhXNJkadhXIxOvyV3Wp7qM48RnS/SB1xu3g9z0EM/fyh68aIPxNQXuHMA9UGbJdOAbizY+xiMtLzrZBNSWRW8ZJmYfpdQgYLYvdiSY+xYGWtAMAkSrXU5HazsiHJiARX4UeM5z5f6f4oU7x0vyNPnXt91zk8R5cqyHBOvRF1rJBwWObo792jSj+KnNdin5/BLrTFCQ/G4uBW77q0eBE+eWpIxwtQAZIqqotf5YVdwqn0Vrfm+cX9Xp11AI+oMa5R5A4GzB/Iaq2tnDqzDVbc6e46fT2J890tbobrg4Y5otjvS8XpjOfhqeL0l9x/YVLrQcqrHiYZAgYY7Pe9denPO4C/tECuKl/6Fco453pwui1ZOoF/HgQQ==\n",
            "public_key_pem": "-----BEGIN PUBLIC KEY-----\nMIICIjANBgkqhkiG9w0BAQEFAAOCAg8AMIICCgKCAgEAospZG74H34ERcN2ij4Ty\nEne7YsjFyJioTOzYIj4BIF3/KGMeasUP33YfgpjvISbzeTemZMVRdu5jJM3elFq+\nhK6T6xvsOEtnBWT8tyNgXgsHqkqXVC5yux2izRklkTHdijy4gjoDzHtYHA4rmDLi\nbaUIpnGE6MGCnoVhqMJytxqr5OelhbfjwjlqEIV8r0iDi2UM0fagCSW9sfs94pGP\np/16PkZ4FDoIRcAlbUHoxGbPTZJfAsXiTSCorcNZ8yGRG/LztLi6RGtQfi7SFLHT\n+J1u6a/oUUq88QT/tYCQuDT8f1f3Jm+CENGzYVzSZGnYVyMTr8ld1qe6jOPEZ0v0\ngdcbt4Pc9BDP38oevGiD8TUF7hzAPVBmyXTgG4s2PsYjLS862QTUlkVvGSZmH6XU\nIGC2L3YkmPsWBlrQDAJEq11OR2s7IhyYgEV+FHjOc+X+n+KFO8dL8jT517fdc5PE\neXKshwTr0RdayQcFjm6O/do0o/ipzXYp+fwS60xQkPxuLgVu+6tHgRPnlqSMcLUA\nGSKqqLX+WFXcKp9Fa35vnF/V6ddQCPqDGuUeQOBswfyGqtrZw6sw1W3OnuOn09if\nPdLW6G64OGOaLY70vF6Yzn4ani9Jfcf2FS60HKqx4mGQIGGOz3vXXpzzuAv7RAri\npf+hXKOOd6cLotWTqBfx4EECAwEAAQ==\n-----END PUBLIC KEY-----\n",
            "rsa_bits": 4096
          },
          "sensitive_attributes": [],
          "private": "bnVsbA=="
        }
      ]
    },
    {
      "module": "module.iti",
      "mode": "managed",
      "type": "aws_internet_gateway",
      "name": "iti",
      "provider": "provider[\"registry.terraform.io/hashicorp/aws\"]",
      "instances": [
        {
          "schema_version": 0,
          "attributes": {
            "arn": "arn:aws:ec2:us-east-1:779860661651:internet-gateway/igw-01d69bc5c5b467ce1",
            "id": "igw-01d69bc5c5b467ce1",
            "owner_id": "779860661651",
            "tags": {
              "Name": "dev"
            },
            "vpc_id": "vpc-08a8d0b4d06fd8687"
          },
          "sensitive_attributes": [],
          "private": "bnVsbA==",
          "dependencies": [
            "module.iti.aws_vpc.iti"
          ]
        }
      ]
    },
    {
      "module": "module.iti",
      "mode": "managed",
      "type": "aws_route",
      "name": "private",
      "provider": "provider[\"registry.terraform.io/hashicorp/aws\"]",
      "instances": [
        {
          "schema_version": 0,
          "attributes": {
            "carrier_gateway_id": "",
            "destination_cidr_block": "0.0.0.0/0",
            "destination_ipv6_cidr_block": "",
            "destination_prefix_list_id": "",
            "egress_only_gateway_id": "",
            "gateway_id": "igw-01d69bc5c5b467ce1",
            "id": "r-rtb-013ba9118e16f17b91080289494",
            "instance_id": "",
            "instance_owner_id": "",
            "local_gateway_id": "",
            "nat_gateway_id": "",
            "network_interface_id": "",
            "origin": "CreateRoute",
            "route_table_id": "rtb-013ba9118e16f17b9",
            "state": "active",
            "timeouts": null,
            "transit_gateway_id": "",
            "vpc_endpoint_id": "",
            "vpc_peering_connection_id": ""
          },
          "sensitive_attributes": [],
          "private": "eyJlMmJmYjczMC1lY2FhLTExZTYtOGY4OC0zNDM2M2JjN2M0YzAiOnsiY3JlYXRlIjoxMjAwMDAwMDAwMDAsImRlbGV0ZSI6MzAwMDAwMDAwMDAwfX0=",
          "dependencies": [
            "module.iti.aws_internet_gateway.iti",
            "module.iti.aws_route_table.private",
            "module.iti.aws_vpc.iti"
          ]
        }
      ]
    },
    {
      "module": "module.iti",
      "mode": "managed",
      "type": "aws_route",
      "name": "public",
      "provider": "provider[\"registry.terraform.io/hashicorp/aws\"]",
      "instances": [
        {
          "schema_version": 0,
          "attributes": {
            "carrier_gateway_id": "",
            "destination_cidr_block": "0.0.0.0/0",
            "destination_ipv6_cidr_block": "",
            "destination_prefix_list_id": "",
            "egress_only_gateway_id": "",
            "gateway_id": "igw-01d69bc5c5b467ce1",
            "id": "r-rtb-0e3e1bf5b85db20e41080289494",
            "instance_id": "",
            "instance_owner_id": "",
            "local_gateway_id": "",
            "nat_gateway_id": "",
            "network_interface_id": "",
            "origin": "CreateRoute",
            "route_table_id": "rtb-0e3e1bf5b85db20e4",
            "state": "active",
            "timeouts": null,
            "transit_gateway_id": "",
            "vpc_endpoint_id": "",
            "vpc_peering_connection_id": ""
          },
          "sensitive_attributes": [],
          "private": "eyJlMmJmYjczMC1lY2FhLTExZTYtOGY4OC0zNDM2M2JjN2M0YzAiOnsiY3JlYXRlIjoxMjAwMDAwMDAwMDAsImRlbGV0ZSI6MzAwMDAwMDAwMDAwfX0=",
          "dependencies": [
            "module.iti.aws_internet_gateway.iti",
            "module.iti.aws_route_table.public",
            "module.iti.aws_vpc.iti"
          ]
        }
      ]
    },
    {
      "module": "module.iti",
      "mode": "managed",
      "type": "aws_route_table",
      "name": "private",
      "provider": "provider[\"registry.terraform.io/hashicorp/aws\"]",
      "instances": [
        {
          "schema_version": 0,
          "attributes": {
            "arn": "arn:aws:ec2:us-east-1:779860661651:route-table/rtb-013ba9118e16f17b9",
            "id": "rtb-013ba9118e16f17b9",
            "owner_id": "779860661651",
            "propagating_vgws": [],
            "route": [],
            "tags": {
              "Name": "private"
            },
            "vpc_id": "vpc-08a8d0b4d06fd8687"
          },
          "sensitive_attributes": [],
          "private": "bnVsbA==",
          "dependencies": [
            "module.iti.aws_vpc.iti"
          ]
        }
      ]
    },
    {
      "module": "module.iti",
      "mode": "managed",
      "type": "aws_route_table",
      "name": "public",
      "provider": "provider[\"registry.terraform.io/hashicorp/aws\"]",
      "instances": [
        {
          "schema_version": 0,
          "attributes": {
            "arn": "arn:aws:ec2:us-east-1:779860661651:route-table/rtb-0e3e1bf5b85db20e4",
            "id": "rtb-0e3e1bf5b85db20e4",
            "owner_id": "779860661651",
            "propagating_vgws": [],
            "route": [],
            "tags": {
              "Name": "public"
            },
            "vpc_id": "vpc-08a8d0b4d06fd8687"
          },
          "sensitive_attributes": [],
          "private": "bnVsbA==",
          "dependencies": [
            "module.iti.aws_vpc.iti"
          ]
        }
      ]
    },
    {
      "module": "module.iti",
      "mode": "managed",
      "type": "aws_route_table_association",
      "name": "private1",
      "provider": "provider[\"registry.terraform.io/hashicorp/aws\"]",
      "instances": [
        {
          "schema_version": 0,
          "attributes": {
            "gateway_id": null,
            "id": "rtbassoc-05aeadf39ca50bb17",
            "route_table_id": "rtb-013ba9118e16f17b9",
            "subnet_id": "subnet-011afbfce9090a6e8"
          },
          "sensitive_attributes": [],
          "private": "bnVsbA==",
          "dependencies": [
            "module.iti.aws_route_table.private",
            "module.iti.aws_subnet.private1",
            "module.iti.aws_vpc.iti"
          ]
        }
      ]
    },
    {
      "module": "module.iti",
      "mode": "managed",
      "type": "aws_route_table_association",
      "name": "private2",
      "provider": "provider[\"registry.terraform.io/hashicorp/aws\"]",
      "instances": [
        {
          "schema_version": 0,
          "attributes": {
            "gateway_id": null,
            "id": "rtbassoc-013dccbd6cbabe40b",
            "route_table_id": "rtb-013ba9118e16f17b9",
            "subnet_id": "subnet-0d6ab6ecdaf0078ef"
          },
          "sensitive_attributes": [],
          "private": "bnVsbA==",
          "dependencies": [
            "module.iti.aws_route_table.private",
            "module.iti.aws_subnet.private2",
            "module.iti.aws_vpc.iti"
          ]
        }
      ]
    },
    {
      "module": "module.iti",
      "mode": "managed",
      "type": "aws_route_table_association",
      "name": "public1",
      "provider": "provider[\"registry.terraform.io/hashicorp/aws\"]",
      "instances": [
        {
          "schema_version": 0,
          "attributes": {
            "gateway_id": null,
            "id": "rtbassoc-0e68287d5ad021fe0",
            "route_table_id": "rtb-0e3e1bf5b85db20e4",
            "subnet_id": "subnet-0330f49a136f41566"
          },
          "sensitive_attributes": [],
          "private": "bnVsbA==",
          "dependencies": [
            "module.iti.aws_route_table.public",
            "module.iti.aws_subnet.public1",
            "module.iti.aws_vpc.iti"
          ]
        }
      ]
    },
    {
      "module": "module.iti",
      "mode": "managed",
      "type": "aws_route_table_association",
      "name": "public2",
      "provider": "provider[\"registry.terraform.io/hashicorp/aws\"]",
      "instances": [
        {
          "schema_version": 0,
          "attributes": {
            "gateway_id": null,
            "id": "rtbassoc-007ee737abcfbc899",
            "route_table_id": "rtb-0e3e1bf5b85db20e4",
            "subnet_id": "subnet-077ca41d82af6513b"
          },
          "sensitive_attributes": [],
          "private": "bnVsbA==",
          "dependencies": [
            "module.iti.aws_route_table.public",
            "module.iti.aws_subnet.public2",
            "module.iti.aws_vpc.iti"
          ]
        }
      ]
    },
    {
      "module": "module.iti",
      "mode": "managed",
      "type": "aws_subnet",
      "name": "private1",
      "provider": "provider[\"registry.terraform.io/hashicorp/aws\"]",
      "instances": [
        {
          "schema_version": 1,
          "attributes": {
            "arn": "arn:aws:ec2:us-east-1:779860661651:subnet/subnet-011afbfce9090a6e8",
            "assign_ipv6_address_on_creation": false,
            "availability_zone": "us-east-1a",
            "availability_zone_id": "use1-az1",
            "cidr_block": "10.0.3.0/24",
            "customer_owned_ipv4_pool": "",
            "id": "subnet-011afbfce9090a6e8",
            "ipv6_cidr_block": "",
            "ipv6_cidr_block_association_id": "",
            "map_customer_owned_ip_on_launch": false,
            "map_public_ip_on_launch": false,
            "outpost_arn": "",
            "owner_id": "779860661651",
            "tags": {
              "Name": "private1"
            },
            "tags_all": {
              "Name": "private1"
            },
            "timeouts": null,
            "vpc_id": "vpc-08a8d0b4d06fd8687"
          },
          "sensitive_attributes": [],
          "private": "eyJlMmJmYjczMC1lY2FhLTExZTYtOGY4OC0zNDM2M2JjN2M0YzAiOnsiY3JlYXRlIjo2MDAwMDAwMDAwMDAsImRlbGV0ZSI6MTIwMDAwMDAwMDAwMH0sInNjaGVtYV92ZXJzaW9uIjoiMSJ9",
          "dependencies": [
            "module.iti.aws_vpc.iti"
          ]
        }
      ]
    },
    {
      "module": "module.iti",
      "mode": "managed",
      "type": "aws_subnet",
      "name": "private2",
      "provider": "provider[\"registry.terraform.io/hashicorp/aws\"]",
      "instances": [
        {
          "schema_version": 1,
          "attributes": {
            "arn": "arn:aws:ec2:us-east-1:779860661651:subnet/subnet-0d6ab6ecdaf0078ef",
            "assign_ipv6_address_on_creation": false,
            "availability_zone": "us-east-1b",
            "availability_zone_id": "use1-az2",
            "cidr_block": "10.0.4.0/24",
            "customer_owned_ipv4_pool": "",
            "id": "subnet-0d6ab6ecdaf0078ef",
            "ipv6_cidr_block": "",
            "ipv6_cidr_block_association_id": "",
            "map_customer_owned_ip_on_launch": false,
            "map_public_ip_on_launch": false,
            "outpost_arn": "",
            "owner_id": "779860661651",
            "tags": {
              "Name": "private2"
            },
            "tags_all": {
              "Name": "private2"
            },
            "timeouts": null,
            "vpc_id": "vpc-08a8d0b4d06fd8687"
          },
          "sensitive_attributes": [],
          "private": "eyJlMmJmYjczMC1lY2FhLTExZTYtOGY4OC0zNDM2M2JjN2M0YzAiOnsiY3JlYXRlIjo2MDAwMDAwMDAwMDAsImRlbGV0ZSI6MTIwMDAwMDAwMDAwMH0sInNjaGVtYV92ZXJzaW9uIjoiMSJ9",
          "dependencies": [
            "module.iti.aws_vpc.iti"
          ]
        }
      ]
    },
    {
      "module": "module.iti",
      "mode": "managed",
      "type": "aws_subnet",
      "name": "public1",
      "provider": "provider[\"registry.terraform.io/hashicorp/aws\"]",
      "instances": [
        {
          "schema_version": 1,
          "attributes": {
            "arn": "arn:aws:ec2:us-east-1:779860661651:subnet/subnet-0330f49a136f41566",
            "assign_ipv6_address_on_creation": false,
            "availability_zone": "us-east-1a",
            "availability_zone_id": "use1-az1",
            "cidr_block": "10.0.1.0/24",
            "customer_owned_ipv4_pool": "",
            "id": "subnet-0330f49a136f41566",
            "ipv6_cidr_block": "",
            "ipv6_cidr_block_association_id": "",
            "map_customer_owned_ip_on_launch": false,
            "map_public_ip_on_launch": true,
            "outpost_arn": "",
            "owner_id": "779860661651",
            "tags": {
              "Name": "public1"
            },
            "tags_all": {
              "Name": "public1"
            },
            "timeouts": null,
            "vpc_id": "vpc-08a8d0b4d06fd8687"
          },
          "sensitive_attributes": [],
          "private": "eyJlMmJmYjczMC1lY2FhLTExZTYtOGY4OC0zNDM2M2JjN2M0YzAiOnsiY3JlYXRlIjo2MDAwMDAwMDAwMDAsImRlbGV0ZSI6MTIwMDAwMDAwMDAwMH0sInNjaGVtYV92ZXJzaW9uIjoiMSJ9",
          "dependencies": [
            "module.iti.aws_vpc.iti"
          ]
        }
      ]
    },
    {
      "module": "module.iti",
      "mode": "managed",
      "type": "aws_subnet",
      "name": "public2",
      "provider": "provider[\"registry.terraform.io/hashicorp/aws\"]",
      "instances": [
        {
          "schema_version": 1,
          "attributes": {
            "arn": "arn:aws:ec2:us-east-1:779860661651:subnet/subnet-077ca41d82af6513b",
            "assign_ipv6_address_on_creation": false,
            "availability_zone": "us-east-1b",
            "availability_zone_id": "use1-az2",
            "cidr_block": "10.0.2.0/24",
            "customer_owned_ipv4_pool": "",
            "id": "subnet-077ca41d82af6513b",
            "ipv6_cidr_block": "",
            "ipv6_cidr_block_association_id": "",
            "map_customer_owned_ip_on_launch": false,
            "map_public_ip_on_launch": true,
            "outpost_arn": "",
            "owner_id": "779860661651",
            "tags": {
              "Name": "public2"
            },
            "tags_all": {
              "Name": "public2"
            },
            "timeouts": null,
            "vpc_id": "vpc-08a8d0b4d06fd8687"
          },
          "sensitive_attributes": [],
          "private": "eyJlMmJmYjczMC1lY2FhLTExZTYtOGY4OC0zNDM2M2JjN2M0YzAiOnsiY3JlYXRlIjo2MDAwMDAwMDAwMDAsImRlbGV0ZSI6MTIwMDAwMDAwMDAwMH0sInNjaGVtYV92ZXJzaW9uIjoiMSJ9",
          "dependencies": [
            "module.iti.aws_vpc.iti"
          ]
        }
      ]
    },
    {
      "module": "module.iti",
      "mode": "managed",
      "type": "aws_vpc",
      "name": "iti",
      "provider": "provider[\"registry.terraform.io/hashicorp/aws\"]",
      "instances": [
        {
          "schema_version": 1,
          "attributes": {
            "arn": "arn:aws:ec2:us-east-1:779860661651:vpc/vpc-08a8d0b4d06fd8687",
            "assign_generated_ipv6_cidr_block": false,
            "cidr_block": "10.0.0.0/16",
            "default_network_acl_id": "acl-0cf6f052ae7738f0a",
            "default_route_table_id": "rtb-01ce507468d5d9293",
            "default_security_group_id": "sg-07f38e06aa6c58b2b",
            "dhcp_options_id": "dopt-6b85a311",
            "enable_classiclink": false,
            "enable_classiclink_dns_support": false,
            "enable_dns_hostnames": false,
            "enable_dns_support": true,
            "id": "vpc-08a8d0b4d06fd8687",
            "instance_tenancy": "default",
            "ipv6_association_id": "",
            "ipv6_cidr_block": "",
            "main_route_table_id": "rtb-01ce507468d5d9293",
            "owner_id": "779860661651",
            "tags": {
              "Name": "dev"
            },
            "tags_all": {
              "Name": "dev"
            }
          },
          "sensitive_attributes": [],
          "private": "eyJzY2hlbWFfdmVyc2lvbiI6IjEifQ=="
        }
      ]
    }
  ]
}
